
Microsoft Visual Studio Solution File, Format Version 12.00
# Visual Studio 15
VisualStudioVersion = 15.0.28307.168
MinimumVisualStudioVersion = 10.0.40219.1
Project("{FAE04EC0-301F-11D3-BF4B-00C04F79EFBC}") = "C0727172 Harmanjot Singh", "C0727172 Harmanjot Singh\C0727172 Harmanjot Singh.csproj", "{137C003D-A320-4F72-8485-7FCA549BF8A8}"
EndProject
Global
	GlobalSection(SolutionConfigurationPlatforms) = preSolution
		Debug|Any CPU = Debug|Any CPU
		Release|Any CPU = Release|Any CPU
	EndGlobalSection
	GlobalSection(ProjectConfigurationPlatforms) = postSolution
		{137C003D-A320-4F72-8485-7FCA549BF8A8}.Debug|Any CPU.ActiveCfg = Debug|Any CPU
		{137C003D-A320-4F72-8485-7FCA549BF8A8}.Debug|Any CPU.Build.0 = Debug|Any CPU
		{137C003D-A320-4F72-8485-7FCA549BF8A8}.Release|Any CPU.ActiveCfg = Release|Any CPU
		{137C003D-A320-4F72-8485-7FCA549BF8A8}.Release|Any CPU.Build.0 = Release|Any CPU
	EndGlobalSection
	GlobalSection(SolutionProperties) = preSolution
		HideSolutionNode = FALSE
	EndGlobalSection
	GlobalSection(ExtensibilityGlobals) = postSolution
		SolutionGuid = {B85C08DD-B20C-43C7-8830-7A973BF61315}
	EndGlobalSection
EndGlobal
